PODS:
  - Alamofire (4.3.0)
  - ReactiveCocoa (5.0.0):
    - ReactiveSwift (~> 1.0.0)
  - ReactiveSwift (1.0.0):
    - Result (~> 3.1)
  - Result (3.1.0)
  - SnapKit (3.2.0)

DEPENDENCIES:
  - Alamofire (~> 4.0)
  - ReactiveCocoa (~> 5.0.0)
  - ReactiveSwift (from `https://github.com/ReactiveCocoa/ReactiveSwift.git`, branch `signal-deadlock-fix`)
  - SnapKit (~> 3.2.0)

EXTERNAL SOURCES:
  ReactiveSwift:
    :branch: signal-deadlock-fix
    :git: https://github.com/ReactiveCocoa/ReactiveSwift.git

CHECKOUT OPTIONS:
  ReactiveSwift:
    :commit: fffef4c6d16ec51e10a57081ebcd0259536242c8
    :git: https://github.com/ReactiveCocoa/ReactiveSwift.git

SPEC CHECKSUMS:
  Alamofire: 856a113053a7bc9cbe5d6367a555d773fc5cfef7
  ReactiveCocoa: 60ef0da915b4f70c34ebecc3f4fb8f96af0e53d6
  ReactiveSwift: 2c947d423e8b6e915894da60c058618689f58c6f
  Result: 4e3ed5995ed94d0cd6a09be9a431fce3f3624bbf
  SnapKit: 1ca44df72cfa543218d177cb8aab029d10d86ea7

PODFILE CHECKSUM: bb620df5c04769fe91f300fb1b769d61510fdcd6

COCOAPODS: 1.1.1
